
Microsoft Visual Studio Solution File, Format Version 12.00
# Visual Studio Version 16
VisualStudioVersion = 16.0.31624.102
MinimumVisualStudioVersion = 10.0.40219.1
Project("{9A19103F-16F7-4668-BE54-9A1E7A4F7556}") = "project", "project\project.csproj", "{6838DD1B-C0DD-4294-9728-F2291C5A39BD}"
EndProject
Project("{FAE04EC0-301F-11D3-BF4B-00C04F79EFBC}") = "PL", "PL\PL.csproj", "{91632827-21FB-4599-9C9D-0CC5530DB236}"
EndProject
Project("{FAE04EC0-301F-11D3-BF4B-00C04F79EFBC}") = "DAL", "DAL\DAL.csproj", "{EEB826DB-B6BC-42E5-8232-F8A6E21BBDC1}"
EndProject
Project("{FAE04EC0-301F-11D3-BF4B-00C04F79EFBC}") = "BLL", "BLL\BLL.csproj", "{A100587C-1A68-4202-A190-E9B203CDC972}"
EndProject
Project("{9A19103F-16F7-4668-BE54-9A1E7A4F7556}") = "TestStudent", "TestStudent\TestStudent.csproj", "{A6EEE55B-C854-4200-AE3D-8C6D35B6E422}"
EndProject
Project("{2150E333-8FDC-42A3-9474-1A3956D46DE8}") = "Program", "Program", "{ACA9DE64-1296-4026-AA68-CB45BB1E5514}"
EndProject
Project("{2150E333-8FDC-42A3-9474-1A3956D46DE8}") = "Tests", "Tests", "{A9378459-B7AC-480B-B026-6683E3E41813}"
EndProject
Project("{9A19103F-16F7-4668-BE54-9A1E7A4F7556}") = "TestGroup", "TestGroup\TestGroup.csproj", "{E115488B-DF06-4C73-888B-6A45E14C5CD1}"
EndProject
Project("{9A19103F-16F7-4668-BE54-9A1E7A4F7556}") = "TestDorm", "TestDorm\TestDorm.csproj", "{777E8063-BDE1-4335-A0EF-5B832020BA5B}"
EndProject
Project("{9A19103F-16F7-4668-BE54-9A1E7A4F7556}") = "TestEntityService", "TestEntityService\TestEntityService.csproj", "{CC90DDD3-30A1-456B-B687-AB35C4128B2E}"
EndProject
Global
	GlobalSection(SolutionConfigurationPlatforms) = preSolution
		Debug|Any CPU = Debug|Any CPU
		Release|Any CPU = Release|Any CPU
	EndGlobalSection
	GlobalSection(ProjectConfigurationPlatforms) = postSolution
		{6838DD1B-C0DD-4294-9728-F2291C5A39BD}.Debug|Any CPU.ActiveCfg = Debug|Any CPU
		{6838DD1B-C0DD-4294-9728-F2291C5A39BD}.Debug|Any CPU.Build.0 = Debug|Any CPU
		{6838DD1B-C0DD-4294-9728-F2291C5A39BD}.Release|Any CPU.ActiveCfg = Release|Any CPU
		{6838DD1B-C0DD-4294-9728-F2291C5A39BD}.Release|Any CPU.Build.0 = Release|Any CPU
		{91632827-21FB-4599-9C9D-0CC5530DB236}.Debug|Any CPU.ActiveCfg = Debug|Any CPU
		{91632827-21FB-4599-9C9D-0CC5530DB236}.Debug|Any CPU.Build.0 = Debug|Any CPU
		{91632827-21FB-4599-9C9D-0CC5530DB236}.Release|Any CPU.ActiveCfg = Release|Any CPU
		{91632827-21FB-4599-9C9D-0CC5530DB236}.Release|Any CPU.Build.0 = Release|Any CPU
		{EEB826DB-B6BC-42E5-8232-F8A6E21BBDC1}.Debug|Any CPU.ActiveCfg = Debug|Any CPU
		{EEB826DB-B6BC-42E5-8232-F8A6E21BBDC1}.Debug|Any CPU.Build.0 = Debug|Any CPU
		{EEB826DB-B6BC-42E5-8232-F8A6E21BBDC1}.Release|Any CPU.ActiveCfg = Release|Any CPU
		{EEB826DB-B6BC-42E5-8232-F8A6E21BBDC1}.Release|Any CPU.Build.0 = Release|Any CPU
		{A100587C-1A68-4202-A190-E9B203CDC972}.Debug|Any CPU.ActiveCfg = Debug|Any CPU
		{A100587C-1A68-4202-A190-E9B203CDC972}.Debug|Any CPU.Build.0 = Debug|Any CPU
		{A100587C-1A68-4202-A190-E9B203CDC972}.Release|Any CPU.ActiveCfg = Release|Any CPU
		{A100587C-1A68-4202-A190-E9B203CDC972}.Release|Any CPU.Build.0 = Release|Any CPU
		{A6EEE55B-C854-4200-AE3D-8C6D35B6E422}.Debug|Any CPU.ActiveCfg = Debug|Any CPU
		{A6EEE55B-C854-4200-AE3D-8C6D35B6E422}.Debug|Any CPU.Build.0 = Debug|Any CPU
		{A6EEE55B-C854-4200-AE3D-8C6D35B6E422}.Release|Any CPU.ActiveCfg = Release|Any CPU
		{A6EEE55B-C854-4200-AE3D-8C6D35B6E422}.Release|Any CPU.Build.0 = Release|Any CPU
		{E115488B-DF06-4C73-888B-6A45E14C5CD1}.Debug|Any CPU.ActiveCfg = Debug|Any CPU
		{E115488B-DF06-4C73-888B-6A45E14C5CD1}.Debug|Any CPU.Build.0 = Debug|Any CPU
		{E115488B-DF06-4C73-888B-6A45E14C5CD1}.Release|Any CPU.ActiveCfg = Release|Any CPU
		{E115488B-DF06-4C73-888B-6A45E14C5CD1}.Release|Any CPU.Build.0 = Release|Any CPU
		{777E8063-BDE1-4335-A0EF-5B832020BA5B}.Debug|Any CPU.ActiveCfg = Debug|Any CPU
		{777E8063-BDE1-4335-A0EF-5B832020BA5B}.Debug|Any CPU.Build.0 = Debug|Any CPU
		{777E8063-BDE1-4335-A0EF-5B832020BA5B}.Release|Any CPU.ActiveCfg = Release|Any CPU
		{777E8063-BDE1-4335-A0EF-5B832020BA5B}.Release|Any CPU.Build.0 = Release|Any CPU
		{CC90DDD3-30A1-456B-B687-AB35C4128B2E}.Debug|Any CPU.ActiveCfg = Debug|Any CPU
		{CC90DDD3-30A1-456B-B687-AB35C4128B2E}.Debug|Any CPU.Build.0 = Debug|Any CPU
		{CC90DDD3-30A1-456B-B687-AB35C4128B2E}.Release|Any CPU.ActiveCfg = Release|Any CPU
		{CC90DDD3-30A1-456B-B687-AB35C4128B2E}.Release|Any CPU.Build.0 = Release|Any CPU
	EndGlobalSection
	GlobalSection(SolutionProperties) = preSolution
		HideSolutionNode = FALSE
	EndGlobalSection
	GlobalSection(NestedProjects) = preSolution
		{6838DD1B-C0DD-4294-9728-F2291C5A39BD} = {ACA9DE64-1296-4026-AA68-CB45BB1E5514}
		{91632827-21FB-4599-9C9D-0CC5530DB236} = {ACA9DE64-1296-4026-AA68-CB45BB1E5514}
		{EEB826DB-B6BC-42E5-8232-F8A6E21BBDC1} = {ACA9DE64-1296-4026-AA68-CB45BB1E5514}
		{A100587C-1A68-4202-A190-E9B203CDC972} = {ACA9DE64-1296-4026-AA68-CB45BB1E5514}
		{A6EEE55B-C854-4200-AE3D-8C6D35B6E422} = {A9378459-B7AC-480B-B026-6683E3E41813}
		{E115488B-DF06-4C73-888B-6A45E14C5CD1} = {A9378459-B7AC-480B-B026-6683E3E41813}
		{777E8063-BDE1-4335-A0EF-5B832020BA5B} = {A9378459-B7AC-480B-B026-6683E3E41813}
		{CC90DDD3-30A1-456B-B687-AB35C4128B2E} = {A9378459-B7AC-480B-B026-6683E3E41813}
	EndGlobalSection
	GlobalSection(ExtensibilityGlobals) = postSolution
		SolutionGuid = {3A9AF431-C46B-40A5-AE2D-08C57F3944F1}
	EndGlobalSection
EndGlobal
